
Microsoft Visual Studio Solution File, Format Version 12.00
# Visual Studio 15
VisualStudioVersion = 15.0.27703.2035
MinimumVisualStudioVersion = 10.0.40219.1
Project("{FAE04EC0-301F-11D3-BF4B-00C04F79EFBC}") = "FrontEndWeb", "FrontEndWeb\FrontEndWeb.csproj", "{F041573D-6E2E-49C7-AA59-112667BA4D24}"
EndProject
Project("{E53339B2-1760-4266-BCC7-CA923CBCF16C}") = "docker-compose", "docker-compose.dcproj", "{38402CF8-481B-427E-8128-02731D082F4A}"
EndProject
Global
	GlobalSection(SolutionConfigurationPlatforms) = preSolution
		Debug|Any CPU = Debug|Any CPU
		Release|Any CPU = Release|Any CPU
	EndGlobalSection
	GlobalSection(ProjectConfigurationPlatforms) = postSolution
		{F041573D-6E2E-49C7-AA59-112667BA4D24}.Debug|Any CPU.ActiveCfg = Debug|Any CPU
		{F041573D-6E2E-49C7-AA59-112667BA4D24}.Debug|Any CPU.Build.0 = Debug|Any CPU
		{F041573D-6E2E-49C7-AA59-112667BA4D24}.Release|Any CPU.ActiveCfg = Release|Any CPU
		{F041573D-6E2E-49C7-AA59-112667BA4D24}.Release|Any CPU.Build.0 = Release|Any CPU
		{38402CF8-481B-427E-8128-02731D082F4A}.Debug|Any CPU.ActiveCfg = Debug|Any CPU
		{38402CF8-481B-427E-8128-02731D082F4A}.Debug|Any CPU.Build.0 = Debug|Any CPU
		{38402CF8-481B-427E-8128-02731D082F4A}.Release|Any CPU.ActiveCfg = Release|Any CPU
		{38402CF8-481B-427E-8128-02731D082F4A}.Release|Any CPU.Build.0 = Release|Any CPU
	EndGlobalSection
	GlobalSection(SolutionProperties) = preSolution
		HideSolutionNode = FALSE
	EndGlobalSection
	GlobalSection(ExtensibilityGlobals) = postSolution
		SolutionGuid = {AA721242-033B-441E-891A-396FEC1B4449}
	EndGlobalSection
EndGlobal
